
Microsoft Visual Studio Solution File, Format Version 12.00
# Visual Studio Version 16
VisualStudioVersion = 16.0.32413.511
MinimumVisualStudioVersion = 10.0.40219.1
Project("{8BC9CEB8-8B4A-11D0-8D11-00A0C91BC942}") = "Project0510", "Project0510.vcxproj", "{F474C322-A137-4085-889A-30C884A7044D}"
EndProject
Global
	GlobalSection(SolutionConfigurationPlatforms) = preSolution
		Debug|x64 = Debug|x64
		Debug|x86 = Debug|x86
		Release|x64 = Release|x64
		Release|x86 = Release|x86
	EndGlobalSection
	GlobalSection(ProjectConfigurationPlatforms) = postSolution
		{F474C322-A137-4085-889A-30C884A7044D}.Debug|x64.ActiveCfg = Debug|x64
		{F474C322-A137-4085-889A-30C884A7044D}.Debug|x64.Build.0 = Debug|x64
		{F474C322-A137-4085-889A-30C884A7044D}.Debug|x86.ActiveCfg = Debug|Win32
		{F474C322-A137-4085-889A-30C884A7044D}.Debug|x86.Build.0 = Debug|Win32
		{F474C322-A137-4085-889A-30C884A7044D}.Release|x64.ActiveCfg = Release|x64
		{F474C322-A137-4085-889A-30C884A7044D}.Release|x64.Build.0 = Release|x64
		{F474C322-A137-4085-889A-30C884A7044D}.Release|x86.ActiveCfg = Release|Win32
		{F474C322-A137-4085-889A-30C884A7044D}.Release|x86.Build.0 = Release|Win32
	EndGlobalSection
	GlobalSection(SolutionProperties) = preSolution
		HideSolutionNode = FALSE
	EndGlobalSection
	GlobalSection(ExtensibilityGlobals) = postSolution
		SolutionGuid = {7063F2A4-9B10-4BFA-B1B0-26B03FECA076}
	EndGlobalSection
EndGlobal
